
Microsoft Visual Studio Solution File, Format Version 12.00
# Visual Studio 15
VisualStudioVersion = 15.0.26730.16
MinimumVisualStudioVersion = 10.0.40219.1
Project("{FAE04EC0-301F-11D3-BF4B-00C04F79EFBC}") = "HelloApp", "HelloApp\HelloApp.csproj", "{E3F969D8-19E4-426F-A3AB-B7778F3DBCE5}"
EndProject
Global
	GlobalSection(SolutionConfigurationPlatforms) = preSolution
		Debug|Any CPU = Debug|Any CPU
		Release|Any CPU = Release|Any CPU
	EndGlobalSection
	GlobalSection(ProjectConfigurationPlatforms) = postSolution
		{E3F969D8-19E4-426F-A3AB-B7778F3DBCE5}.Debug|Any CPU.ActiveCfg = Debug|Any CPU
		{E3F969D8-19E4-426F-A3AB-B7778F3DBCE5}.Debug|Any CPU.Build.0 = Debug|Any CPU
		{E3F969D8-19E4-426F-A3AB-B7778F3DBCE5}.Release|Any CPU.ActiveCfg = Release|Any CPU
		{E3F969D8-19E4-426F-A3AB-B7778F3DBCE5}.Release|Any CPU.Build.0 = Release|Any CPU
	EndGlobalSection
	GlobalSection(SolutionProperties) = preSolution
		HideSolutionNode = FALSE
	EndGlobalSection
	GlobalSection(ExtensibilityGlobals) = postSolution
		SolutionGuid = {4A921160-521B-4F8D-B46B-865C6AD0A495}
	EndGlobalSection
EndGlobal
