
Microsoft Visual Studio Solution File, Format Version 12.00
# Visual Studio 15
VisualStudioVersion = 15.0.27130.2003
MinimumVisualStudioVersion = 10.0.40219.1
Project("{FAE04EC0-301F-11D3-BF4B-00C04F79EFBC}") = "Equation", "Equation\Equation.csproj", "{D757C7AF-11FF-4822-A601-093F2B6155DF}"
EndProject
Global
	GlobalSection(SolutionConfigurationPlatforms) = preSolution
		Debug|Any CPU = Debug|Any CPU
		Release|Any CPU = Release|Any CPU
	EndGlobalSection
	GlobalSection(ProjectConfigurationPlatforms) = postSolution
		{D757C7AF-11FF-4822-A601-093F2B6155DF}.Debug|Any CPU.ActiveCfg = Debug|Any CPU
		{D757C7AF-11FF-4822-A601-093F2B6155DF}.Debug|Any CPU.Build.0 = Debug|Any CPU
		{D757C7AF-11FF-4822-A601-093F2B6155DF}.Release|Any CPU.ActiveCfg = Release|Any CPU
		{D757C7AF-11FF-4822-A601-093F2B6155DF}.Release|Any CPU.Build.0 = Release|Any CPU
	EndGlobalSection
	GlobalSection(SolutionProperties) = preSolution
		HideSolutionNode = FALSE
	EndGlobalSection
	GlobalSection(ExtensibilityGlobals) = postSolution
		SolutionGuid = {BB8E18B0-4335-4F7D-B5F9-98F37F447E64}
	EndGlobalSection
EndGlobal
